
Microsoft Visual Studio Solution File, Format Version 12.00
# Visual Studio Version 16
VisualStudioVersion = 16.0.31112.23
MinimumVisualStudioVersion = 10.0.40219.1
Project("{FAE04EC0-301F-11D3-BF4B-00C04F79EFBC}") = "Interval refactor project", "Interval refactor project\Interval refactor project.csproj", "{90071DB9-1F7C-4652-9A53-382B7824A841}"
EndProject
Global
	GlobalSection(SolutionConfigurationPlatforms) = preSolution
		Debug|Any CPU = Debug|Any CPU
		Release|Any CPU = Release|Any CPU
	EndGlobalSection
	GlobalSection(ProjectConfigurationPlatforms) = postSolution
		{90071DB9-1F7C-4652-9A53-382B7824A841}.Debug|Any CPU.ActiveCfg = Debug|Any CPU
		{90071DB9-1F7C-4652-9A53-382B7824A841}.Debug|Any CPU.Build.0 = Debug|Any CPU
		{90071DB9-1F7C-4652-9A53-382B7824A841}.Release|Any CPU.ActiveCfg = Release|Any CPU
		{90071DB9-1F7C-4652-9A53-382B7824A841}.Release|Any CPU.Build.0 = Release|Any CPU
	EndGlobalSection
	GlobalSection(SolutionProperties) = preSolution
		HideSolutionNode = FALSE
	EndGlobalSection
	GlobalSection(ExtensibilityGlobals) = postSolution
		SolutionGuid = {05AB04E2-D741-4390-B30E-3A4A54120DD2}
	EndGlobalSection
EndGlobal
